// !$*UTF8*$!
{
	archiveVersion = 1;
	classes = {
	};
	objectVersion = 46;
	objects = {

/* Begin PBXBuildFile section */
		1D3623260D0F684500981E51 /* PebbleAppDelegate.m in Sources */ = {isa = PBXBuildFile; fileRef = 1D3623250D0F684500981E51 /* PebbleAppDelegate.m */; };
		1D60589B0D05DD56006BFB54 /* main.m in Sources */ = {isa = PBXBuildFile; fileRef = 29B97316FDCFA39411CA2CEA /* main.m */; };
		1D60589F0D05DD5A006BFB54 /* Foundation.framework in Frameworks */ = {isa = PBXBuildFile; fileRef = 1D30AB110D05D00D00671497 /* Foundation.framework */; };
		1DF5F4E00D08C38300B7A737 /* UIKit.framework in Frameworks */ = {isa = PBXBuildFile; fileRef = 1DF5F4DF0D08C38300B7A737 /* UIKit.framework */; };
		2804200B108E984D000629CD /* RootViewController.m in Sources */ = {isa = PBXBuildFile; fileRef = 28042008108E984D000629CD /* RootViewController.m */; };
		2804200C108E984D000629CD /* DetailViewController.m in Sources */ = {isa = PBXBuildFile; fileRef = 2804200A108E984D000629CD /* DetailViewController.m */; };
		2804203C108E9BAB000629CD /* DetailView.xib in Resources */ = {isa = PBXBuildFile; fileRef = 2804203B108E9BAB000629CD /* DetailView.xib */; };
		280420C1108EA07E000629CD /* CoreData.framework in Frameworks */ = {isa = PBXBuildFile; fileRef = 280420C0108EA07E000629CD /* CoreData.framework */; };
		2892E4100DC94CBA00A64D0F /* CoreGraphics.framework in Frameworks */ = {isa = PBXBuildFile; fileRef = 2892E40F0DC94CBA00A64D0F /* CoreGraphics.framework */; };
		28AD73600D9D9599002E5188 /* MainWindow.xib in Resources */ = {isa = PBXBuildFile; fileRef = 28AD735F0D9D9599002E5188 /* MainWindow.xib */; };
		C74A65541218ED4400921EA3 /* AVFoundation.framework in Frameworks */ = {isa = PBXBuildFile; fileRef = C74A65531218ED4400921EA3 /* AVFoundation.framework */; };
		C76F9C071243BB11008AA558 /* OptionsView.xib in Resources */ = {isa = PBXBuildFile; fileRef = C76F9C061243BB11008AA558 /* OptionsView.xib */; };
		C76F9C161243BCB8008AA558 /* Options.m in Sources */ = {isa = PBXBuildFile; fileRef = C76F9C151243BCB8008AA558 /* Options.m */; };
		C779E7161273CC1C00A309A0 /* Default-Landscape.png in Resources */ = {isa = PBXBuildFile; fileRef = C779E6EB1273CC1B00A309A0 /* Default-Landscape.png */; };
		C779E7181273CC1C00A309A0 /* Default-Portrait.png in Resources */ = {isa = PBXBuildFile; fileRef = C779E6ED1273CC1B00A309A0 /* Default-Portrait.png */; };
		C779E71B1273CC1C00A309A0 /* Gear-32.png in Resources */ = {isa = PBXBuildFile; fileRef = C779E6F01273CC1B00A309A0 /* Gear-32.png */; };
		C779E71C1273CC1C00A309A0 /* green_background.png in Resources */ = {isa = PBXBuildFile; fileRef = C779E6F11273CC1B00A309A0 /* green_background.png */; };
		C779E71D1273CC1C00A309A0 /* icon_bak.png in Resources */ = {isa = PBXBuildFile; fileRef = C779E6F21273CC1B00A309A0 /* icon_bak.png */; };
		C779E71E1273CC1C00A309A0 /* icon_checklist.png in Resources */ = {isa = PBXBuildFile; fileRef = C779E6F31273CC1B00A309A0 /* icon_checklist.png */; };
		C779E71F1273CC1C00A309A0 /* icon_checklist2.png in Resources */ = {isa = PBXBuildFile; fileRef = C779E6F41273CC1B00A309A0 /* icon_checklist2.png */; };
		C779E7201273CC1C00A309A0 /* icon_list_bullets_selected.png in Resources */ = {isa = PBXBuildFile; fileRef = C779E6F51273CC1B00A309A0 /* icon_list_bullets_selected.png */; };
		C779E7211273CC1C00A309A0 /* icon_list_bullets.png in Resources */ = {isa = PBXBuildFile; fileRef = C779E6F61273CC1B00A309A0 /* icon_list_bullets.png */; };
		C779E7221273CC1C00A309A0 /* icon_lock.png in Resources */ = {isa = PBXBuildFile; fileRef = C779E6F71273CC1B00A309A0 /* icon_lock.png */; };
		C779E7231273CC1C00A309A0 /* icon_lock2.png in Resources */ = {isa = PBXBuildFile; fileRef = C779E6F81273CC1B00A309A0 /* icon_lock2.png */; };
		C779E7241273CC1C00A309A0 /* icon_notepad.png in Resources */ = {isa = PBXBuildFile; fileRef = C779E6F91273CC1B00A309A0 /* icon_notepad.png */; };
		C779E7251273CC1C00A309A0 /* icon_notepad2.png in Resources */ = {isa = PBXBuildFile; fileRef = C779E6FA1273CC1B00A309A0 /* icon_notepad2.png */; };
		C779E7261273CC1C00A309A0 /* icon_pj_small.png in Resources */ = {isa = PBXBuildFile; fileRef = C779E6FB1273CC1B00A309A0 /* icon_pj_small.png */; };
		C779E7271273CC1C00A309A0 /* icon_pj.png in Resources */ = {isa = PBXBuildFile; fileRef = C779E6FC1273CC1B00A309A0 /* icon_pj.png */; };
		C779E7281273CC1C00A309A0 /* icon_sort_az.png in Resources */ = {isa = PBXBuildFile; fileRef = C779E6FD1273CC1B00A309A0 /* icon_sort_az.png */; };
		C779E7291273CC1C00A309A0 /* icon_unlock.png in Resources */ = {isa = PBXBuildFile; fileRef = C779E6FE1273CC1B00A309A0 /* icon_unlock.png */; };
		C779E72A1273CC1C00A309A0 /* icon.png in Resources */ = {isa = PBXBuildFile; fileRef = C779E6FF1273CC1B00A309A0 /* icon.png */; };
		C779E72B1273CC1C00A309A0 /* notebook_pj.png in Resources */ = {isa = PBXBuildFile; fileRef = C779E7001273CC1B00A309A0 /* notebook_pj.png */; };
		C779E72C1273CC1C00A309A0 /* notebook.png in Resources */ = {isa = PBXBuildFile; fileRef = C779E7011273CC1B00A309A0 /* notebook.png */; };
		C779E72D1273CC1C00A309A0 /* notepad_image_small.png in Resources */ = {isa = PBXBuildFile; fileRef = C779E7021273CC1B00A309A0 /* notepad_image_small.png */; };
		C779E72E1273CC1C00A309A0 /* Notepad_seg.png in Resources */ = {isa = PBXBuildFile; fileRef = C779E7031273CC1B00A309A0 /* Notepad_seg.png */; };
		C779E72F1273CC1C00A309A0 /* orange_background.png in Resources */ = {isa = PBXBuildFile; fileRef = C779E7041273CC1B00A309A0 /* orange_background.png */; };
		C779E7311273CC1C00A309A0 /* preferences.png in Resources */ = {isa = PBXBuildFile; fileRef = C779E70F1273CC1C00A309A0 /* preferences.png */; };
		C779E7321273CC1C00A309A0 /* priority_colors.png in Resources */ = {isa = PBXBuildFile; fileRef = C779E7101273CC1C00A309A0 /* priority_colors.png */; };
		C779E7331273CC1C00A309A0 /* red_background.png in Resources */ = {isa = PBXBuildFile; fileRef = C779E7111273CC1C00A309A0 /* red_background.png */; };
		C779E7341273CC1C00A309A0 /* speaker.png in Resources */ = {isa = PBXBuildFile; fileRef = C779E7121273CC1C00A309A0 /* speaker.png */; };
		C779E7351273CC1C00A309A0 /* Spiral1.png in Resources */ = {isa = PBXBuildFile; fileRef = C779E7131273CC1C00A309A0 /* Spiral1.png */; };
		C779E7361273CC1C00A309A0 /* unchecked.png in Resources */ = {isa = PBXBuildFile; fileRef = C779E7141273CC1C00A309A0 /* unchecked.png */; };
		C779E7371273CC1C00A309A0 /* yellow_background.png in Resources */ = {isa = PBXBuildFile; fileRef = C779E7151273CC1C00A309A0 /* yellow_background.png */; };
		C779E73A1273CEB900A309A0 /* Clock_pp.png in Resources */ = {isa = PBXBuildFile; fileRef = C779E7381273CEB900A309A0 /* Clock_pp.png */; };
		C779E73B1273CEB900A309A0 /* clock.png in Resources */ = {isa = PBXBuildFile; fileRef = C779E7391273CEB900A309A0 /* clock.png */; };
		C77D39631298A33D00A7F588 /* arrowdown.png in Resources */ = {isa = PBXBuildFile; fileRef = C77D39611298A33D00A7F588 /* arrowdown.png */; };
		C77D39641298A33D00A7F588 /* arrowup.png in Resources */ = {isa = PBXBuildFile; fileRef = C77D39621298A33D00A7F588 /* arrowup.png */; };
		C77D516F11D71D2000239A12 /* ItemViewController.m in Sources */ = {isa = PBXBuildFile; fileRef = C77D516C11D71D2000239A12 /* ItemViewController.m */; };
		C77D517011D71D2000239A12 /* LinesView.m in Sources */ = {isa = PBXBuildFile; fileRef = C77D516E11D71D2000239A12 /* LinesView.m */; };
		C77D517511D71DE000239A12 /* ItemView.xib in Resources */ = {isa = PBXBuildFile; fileRef = C77D517411D71DE000239A12 /* ItemView.xib */; };
		C77D9078120ECAF8009A5F35 /* DebugLog.m in Sources */ = {isa = PBXBuildFile; fileRef = C77D9077120ECAF8009A5F35 /* DebugLog.m */; };
		C77D92A6123F24440070C855 /* AlertPrompt.m in Sources */ = {isa = PBXBuildFile; fileRef = C77D92A5123F24440070C855 /* AlertPrompt.m */; };
		C77D92DB12104765009A5F35 /* PopoverPicklist.m in Sources */ = {isa = PBXBuildFile; fileRef = C77D92DA12104765009A5F35 /* PopoverPicklist.m */; };
		C77DF5B311D934A4000175AF /* Pebble.xcdatamodeld in Sources */ = {isa = PBXBuildFile; fileRef = C77DF5B011D934A4000175AF /* Pebble.xcdatamodeld */; };
		C77DF8D311DB0255000175AF /* TableView.xib in Resources */ = {isa = PBXBuildFile; fileRef = C77DF8D211DB0255000175AF /* TableView.xib */; };
		C77E5FB4125042710066F300 /* SortOptions.xib in Resources */ = {isa = PBXBuildFile; fileRef = C77E5FB3125042710066F300 /* SortOptions.xib */; };
		C77E5FB8125046630066F300 /* SortOptions.m in Sources */ = {isa = PBXBuildFile; fileRef = C77E5FB7125046630066F300 /* SortOptions.m */; };
		C77E9BFC1246B09A00FF22C4 /* Item.m in Sources */ = {isa = PBXBuildFile; fileRef = C77E9BF71246B09A00FF22C4 /* Item.m */; };
		C77E9BFD1246B09A00FF22C4 /* NoteItem.m in Sources */ = {isa = PBXBuildFile; fileRef = C77E9BF91246B09A00FF22C4 /* NoteItem.m */; };
		C77E9BFE1246B09A00FF22C4 /* ListItem.m in Sources */ = {isa = PBXBuildFile; fileRef = C77E9BFB1246B09A00FF22C4 /* ListItem.m */; };
		C77F596F12BF0862001182E7 /* icon_send.png in Resources */ = {isa = PBXBuildFile; fileRef = C77F596E12BF0862001182E7 /* icon_send.png */; };
		C77F597112BF0C9E001182E7 /* icon_send2.png in Resources */ = {isa = PBXBuildFile; fileRef = C77F597012BF0C9E001182E7 /* icon_send2.png */; };
		C77F597312BF2A0F001182E7 /* MessageUI.framework in Frameworks */ = {isa = PBXBuildFile; fileRef = C77F597212BF2A0F001182E7 /* MessageUI.framework */; };
		C7806517124E78AD0058B47C /* Resource.plist in Resources */ = {isa = PBXBuildFile; fileRef = C7806516124E78AD0058B47C /* Resource.plist */; };
		C7810B391228AABA009EFAE2 /* TDBadgedCell.m in Sources */ = {isa = PBXBuildFile; fileRef = C7810B371228AAB9009EFAE2 /* TDBadgedCell.m */; };
		C7810C4411FF219D001E2F15 /* NotelistViewController.m in Sources */ = {isa = PBXBuildFile; fileRef = C7810C4311FF219D001E2F15 /* NotelistViewController.m */; };
		C7810C6F11FF2391001E2F15 /* ChecklistViewController.m in Sources */ = {isa = PBXBuildFile; fileRef = C7810C6E11FF2391001E2F15 /* ChecklistViewController.m */; };
		C78212C911E1B0B800523DC7 /* ListItemViewController.m in Sources */ = {isa = PBXBuildFile; fileRef = C78212C711E1B0B800523DC7 /* ListItemViewController.m */; };
		C78212CA11E1B0B800523DC7 /* ListItemView.xib in Resources */ = {isa = PBXBuildFile; fileRef = C78212C811E1B0B800523DC7 /* ListItemView.xib */; };
		C782138711E273E700523DC7 /* DatePicker.m in Sources */ = {isa = PBXBuildFile; fileRef = C782138511E273E700523DC7 /* DatePicker.m */; };
		C782138811E273E700523DC7 /* DatePicker.xib in Resources */ = {isa = PBXBuildFile; fileRef = C782138611E273E700523DC7 /* DatePicker.xib */; };
		C782139311E2746200523DC7 /* PriorityPicker.m in Sources */ = {isa = PBXBuildFile; fileRef = C782139111E2746200523DC7 /* PriorityPicker.m */; };
		C782139411E2746200523DC7 /* PriorityPicker.xib in Resources */ = {isa = PBXBuildFile; fileRef = C782139211E2746200523DC7 /* PriorityPicker.xib */; };
		C78295D811DF73CD0003A2F5 /* Utility.m in Sources */ = {isa = PBXBuildFile; fileRef = C78295D711DF73CD0003A2F5 /* Utility.m */; };
		C7831A5B12592E8200D3A0C3 /* ProtectView.xib in Resources */ = {isa = PBXBuildFile; fileRef = C7831A5A12592E8200D3A0C3 /* ProtectView.xib */; };
		C7831A6B125930E400D3A0C3 /* ProtectViewController.m in Sources */ = {isa = PBXBuildFile; fileRef = C7831A6A125930E400D3A0C3 /* ProtectViewController.m */; };
		C783CFA31207B18B006CE498 /* TabViewBaseController.m in Sources */ = {isa = PBXBuildFile; fileRef = C783CFA21207B18B006CE498 /* TabViewBaseController.m */; };
		C78544D011D3B85900A303C1 /* NotepadViewController.m in Sources */ = {isa = PBXBuildFile; fileRef = C78544CE11D3B85900A303C1 /* NotepadViewController.m */; };
		C78544D511D3C6DE00A303C1 /* ListViewController.m in Sources */ = {isa = PBXBuildFile; fileRef = C78544D411D3C6DE00A303C1 /* ListViewController.m */; };
		C785457811D3EFD500A303C1 /* TableViewController.m in Sources */ = {isa = PBXBuildFile; fileRef = C785457711D3EFD500A303C1 /* TableViewController.m */; };
		C785468211D43D7300A303C1 /* NotepadView.xib in Resources */ = {isa = PBXBuildFile; fileRef = C785468111D43D7300A303C1 /* NotepadView.xib */; };
		C785468411D43D8200A303C1 /* ListView.xib in Resources */ = {isa = PBXBuildFile; fileRef = C785468311D43D8200A303C1 /* ListView.xib */; };
		C7854CC211DE7FDC00A303C1 /* TextFieldCell.m in Sources */ = {isa = PBXBuildFile; fileRef = C7854CC111DE7FDC00A303C1 /* TextFieldCell.m */; };
		C78730591250F8F2000AC708 /* Pebble.sqlite in Resources */ = {isa = PBXBuildFile; fileRef = C78730581250F8F2000AC708 /* Pebble.sqlite */; };
		C7BA802F1200BDB400B65AFA /* NoteTableViewController.m in Sources */ = {isa = PBXBuildFile; fileRef = C7BA802E1200BDB400B65AFA /* NoteTableViewController.m */; };
		C7BA804A1200C08000B65AFA /* NotelistCell.m in Sources */ = {isa = PBXBuildFile; fileRef = C7BA80491200C08000B65AFA /* NotelistCell.m */; };
		C7FC315411F3673400902899 /* TextFieldCell.xib in Resources */ = {isa = PBXBuildFile; fileRef = C7FC315311F3673400902899 /* TextFieldCell.xib */; };
/* End PBXBuildFile section */

/* Begin PBXFileReference section */
		1D30AB110D05D00D00671497 /* Foundation.framework */ = {isa = PBXFileReference; lastKnownFileType = wrapper.framework; name = Foundation.framework; path = System/Library/Frameworks/Foundation.framework; sourceTree = SDKROOT; };
		1D3623240D0F684500981E51 /* PebbleAppDelegate.h */ = {isa = PBXFileReference; fileEncoding = 4; lastKnownFileType = sourcecode.c.h; path = PebbleAppDelegate.h; sourceTree = "<group>"; };
		1D3623250D0F684500981E51 /* PebbleAppDelegate.m */ = {isa = PBXFileReference; fileEncoding = 4; lastKnownFileType = sourcecode.c.objc; name = PebbleAppDelegate.m; path = Classes/PebbleAppDelegate.m; sourceTree = "<group>"; };
		1D6058910D05DD3D006BFB54 /* Pebble Journal.app */ = {isa = PBXFileReference; explicitFileType = wrapper.application; includeInIndex = 0; path = "Pebble Journal.app"; sourceTree = BUILT_PRODUCTS_DIR; };
		1DF5F4DF0D08C38300B7A737 /* UIKit.framework */ = {isa = PBXFileReference; lastKnownFileType = wrapper.framework; name = UIKit.framework; path = System/Library/Frameworks/UIKit.framework; sourceTree = SDKROOT; };
		28042007108E984D000629CD /* RootViewController.h */ = {isa = PBXFileReference; fileEncoding = 4; lastKnownFileType = sourcecode.c.h; path = RootViewController.h; sourceTree = "<group>"; };
		28042008108E984D000629CD /* RootViewController.m */ = {isa = PBXFileReference; fileEncoding = 4; lastKnownFileType = sourcecode.c.objc; path = RootViewController.m; sourceTree = "<group>"; };
		28042009108E984D000629CD /* DetailViewController.h */ = {isa = PBXFileReference; fileEncoding = 4; lastKnownFileType = sourcecode.c.h; path = DetailViewController.h; sourceTree = "<group>"; };
		2804200A108E984D000629CD /* DetailViewController.m */ = {isa = PBXFileReference; fileEncoding = 4; lastKnownFileType = sourcecode.c.objc; path = DetailViewController.m; sourceTree = "<group>"; };
		2804203B108E9BAB000629CD /* DetailView.xib */ = {isa = PBXFileReference; lastKnownFileType = file.xib; path = DetailView.xib; sourceTree = "<group>"; };
		280420C0108EA07E000629CD /* CoreData.framework */ = {isa = PBXFileReference; lastKnownFileType = wrapper.framework; name = CoreData.framework; path = System/Library/Frameworks/CoreData.framework; sourceTree = SDKROOT; };
		2892E40F0DC94CBA00A64D0F /* CoreGraphics.framework */ = {isa = PBXFileReference; lastKnownFileType = wrapper.framework; name = CoreGraphics.framework; path = System/Library/Frameworks/CoreGraphics.framework; sourceTree = SDKROOT; };
		28A0AAE50D9B0CCF005BE974 /* Pebble_Prefix.pch */ = {isa = PBXFileReference; fileEncoding = 4; lastKnownFileType = sourcecode.c.h; path = Pebble_Prefix.pch; sourceTree = "<group>"; };
		28AD735F0D9D9599002E5188 /* MainWindow.xib */ = {isa = PBXFileReference; lastKnownFileType = file.xib; path = MainWindow.xib; sourceTree = "<group>"; };
		29B97316FDCFA39411CA2CEA /* main.m */ = {isa = PBXFileReference; fileEncoding = 4; lastKnownFileType = sourcecode.c.objc; path = main.m; sourceTree = "<group>"; };
		8D1107310486CEB800E47090 /* Pebble-Info.plist */ = {isa = PBXFileReference; fileEncoding = 4; lastKnownFileType = text.plist.xml; path = "Pebble-Info.plist"; plistStructureDefinitionIdentifier = "com.apple.xcode.plist.structure-definition.iphone.info-plist"; sourceTree = "<group>"; };
		C74A65531218ED4400921EA3 /* AVFoundation.framework */ = {isa = PBXFileReference; lastKnownFileType = wrapper.framework; name = AVFoundation.framework; path = System/Library/Frameworks/AVFoundation.framework; sourceTree = SDKROOT; };
		C76F9ADD12435572008AA558 /* Pebble 2.xcdatamodel */ = {isa = PBXFileReference; lastKnownFileType = wrapper.xcdatamodel; path = "Pebble 2.xcdatamodel"; sourceTree = "<group>"; };
		C76F9B02124358C8008AA558 /* Pebble 8.xcdatamodel */ = {isa = PBXFileReference; lastKnownFileType = wrapper.xcdatamodel; path = "Pebble 8.xcdatamodel"; sourceTree = "<group>"; };
		C76F9C061243BB11008AA558 /* OptionsView.xib */ = {isa = PBXFileReference; lastKnownFileType = file.xib; path = OptionsView.xib; sourceTree = "<group>"; };
		C76F9C141243BCB8008AA558 /* Options.h */ = {isa = PBXFileReference; fileEncoding = 4; lastKnownFileType = sourcecode.c.h; path = Options.h; sourceTree = "<group>"; };
		C76F9C151243BCB8008AA558 /* Options.m */ = {isa = PBXFileReference; fileEncoding = 4; lastKnownFileType = sourcecode.c.objc; path = Options.m; sourceTree = "<group>"; };
		C779E6EB1273CC1B00A309A0 /* Default-Landscape.png */ = {isa = PBXFileReference; lastKnownFileType = image.png; path = "Default-Landscape.png"; sourceTree = "<group>"; };
		C779E6ED1273CC1B00A309A0 /* Default-Portrait.png */ = {isa = PBXFileReference; lastKnownFileType = image.png; path = "Default-Portrait.png"; sourceTree = "<group>"; };
		C779E6F01273CC1B00A309A0 /* Gear-32.png */ = {isa = PBXFileReference; lastKnownFileType = image.png; path = "Gear-32.png"; sourceTree = "<group>"; };
		C779E6F11273CC1B00A309A0 /* green_background.png */ = {isa = PBXFileReference; lastKnownFileType = image.png; path = green_background.png; sourceTree = "<group>"; };
		C779E6F21273CC1B00A309A0 /* icon_bak.png */ = {isa = PBXFileReference; lastKnownFileType = image.png; path = icon_bak.png; sourceTree = "<group>"; };
		C779E6F31273CC1B00A309A0 /* icon_checklist.png */ = {isa = PBXFileReference; lastKnownFileType = image.png; path = icon_checklist.png; sourceTree = "<group>"; };
		C779E6F41273CC1B00A309A0 /* icon_checklist2.png */ = {isa = PBXFileReference; lastKnownFileType = image.png; path = icon_checklist2.png; sourceTree = "<group>"; };
		C779E6F51273CC1B00A309A0 /* icon_list_bullets_selected.png */ = {isa = PBXFileReference; lastKnownFileType = image.png; path = icon_list_bullets_selected.png; sourceTree = "<group>"; };
		C779E6F61273CC1B00A309A0 /* icon_list_bullets.png */ = {isa = PBXFileReference; lastKnownFileType = image.png; path = icon_list_bullets.png; sourceTree = "<group>"; };
		C779E6F71273CC1B00A309A0 /* icon_lock.png */ = {isa = PBXFileReference; lastKnownFileType = image.png; path = icon_lock.png; sourceTree = "<group>"; };
		C779E6F81273CC1B00A309A0 /* icon_lock2.png */ = {isa = PBXFileReference; lastKnownFileType = image.png; path = icon_lock2.png; sourceTree = "<group>"; };
		C779E6F91273CC1B00A309A0 /* icon_notepad.png */ = {isa = PBXFileReference; lastKnownFileType = image.png; path = icon_notepad.png; sourceTree = "<group>"; };
		C779E6FA1273CC1B00A309A0 /* icon_notepad2.png */ = {isa = PBXFileReference; lastKnownFileType = image.png; path = icon_notepad2.png; sourceTree = "<group>"; };
		C779E6FB1273CC1B00A309A0 /* icon_pj_small.png */ = {isa = PBXFileReference; lastKnownFileType = image.png; path = icon_pj_small.png; sourceTree = "<group>"; };
		C779E6FC1273CC1B00A309A0 /* icon_pj.png */ = {isa = PBXFileReference; lastKnownFileType = image.png; path = icon_pj.png; sourceTree = "<group>"; };
		C779E6FD1273CC1B00A309A0 /* icon_sort_az.png */ = {isa = PBXFileReference; lastKnownFileType = image.png; path = icon_sort_az.png; sourceTree = "<group>"; };
		C779E6FE1273CC1B00A309A0 /* icon_unlock.png */ = {isa = PBXFileReference; lastKnownFileType = image.png; path = icon_unlock.png; sourceTree = "<group>"; };
		C779E6FF1273CC1B00A309A0 /* icon.png */ = {isa = PBXFileReference; lastKnownFileType = image.png; path = icon.png; sourceTree = "<group>"; };
		C779E7001273CC1B00A309A0 /* notebook_pj.png */ = {isa = PBXFileReference; lastKnownFileType = image.png; path = notebook_pj.png; sourceTree = "<group>"; };
		C779E7011273CC1B00A309A0 /* notebook.png */ = {isa = PBXFileReference; lastKnownFileType = image.png; path = notebook.png; sourceTree = "<group>"; };
		C779E7021273CC1B00A309A0 /* notepad_image_small.png */ = {isa = PBXFileReference; lastKnownFileType = image.png; path = notepad_image_small.png; sourceTree = "<group>"; };
		C779E7031273CC1B00A309A0 /* Notepad_seg.png */ = {isa = PBXFileReference; lastKnownFileType = image.png; path = Notepad_seg.png; sourceTree = "<group>"; };
		C779E7041273CC1B00A309A0 /* orange_background.png */ = {isa = PBXFileReference; lastKnownFileType = image.png; path = orange_background.png; sourceTree = "<group>"; };
		C779E70F1273CC1C00A309A0 /* preferences.png */ = {isa = PBXFileReference; lastKnownFileType = image.png; path = preferences.png; sourceTree = "<group>"; };
		C779E7101273CC1C00A309A0 /* priority_colors.png */ = {isa = PBXFileReference; lastKnownFileType = image.png; path = priority_colors.png; sourceTree = "<group>"; };
		C779E7111273CC1C00A309A0 /* red_background.png */ = {isa = PBXFileReference; lastKnownFileType = image.png; path = red_background.png; sourceTree = "<group>"; };
		C779E7121273CC1C00A309A0 /* speaker.png */ = {isa = PBXFileReference; lastKnownFileType = image.png; path = speaker.png; sourceTree = "<group>"; };
		C779E7131273CC1C00A309A0 /* Spiral1.png */ = {isa = PBXFileReference; lastKnownFileType = image.png; path = Spiral1.png; sourceTree = "<group>"; };
		C779E7141273CC1C00A309A0 /* unchecked.png */ = {isa = PBXFileReference; lastKnownFileType = image.png; path = unchecked.png; sourceTree = "<group>"; };
		C779E7151273CC1C00A309A0 /* yellow_background.png */ = {isa = PBXFileReference; lastKnownFileType = image.png; path = yellow_background.png; sourceTree = "<group>"; };
		C779E7381273CEB900A309A0 /* Clock_pp.png */ = {isa = PBXFileReference; lastKnownFileType = image.png; path = Clock_pp.png; sourceTree = "<group>"; };
		C779E7391273CEB900A309A0 /* clock.png */ = {isa = PBXFileReference; lastKnownFileType = image.png; path = clock.png; sourceTree = "<group>"; };
		C77B13A61232EFEF005385A4 /* Pebble 7.xcdatamodel */ = {isa = PBXFileReference; lastKnownFileType = wrapper.xcdatamodel; path = "Pebble 7.xcdatamodel"; sourceTree = "<group>"; };
		C77D39611298A33D00A7F588 /* arrowdown.png */ = {isa = PBXFileReference; lastKnownFileType = image.png; path = arrowdown.png; sourceTree = "<group>"; };
		C77D39621298A33D00A7F588 /* arrowup.png */ = {isa = PBXFileReference; lastKnownFileType = image.png; path = arrowup.png; sourceTree = "<group>"; };
		C77D516B11D71D2000239A12 /* ItemViewController.h */ = {isa = PBXFileReference; fileEncoding = 4; lastKnownFileType = sourcecode.c.h; path = ItemViewController.h; sourceTree = "<group>"; };
		C77D516C11D71D2000239A12 /* ItemViewController.m */ = {isa = PBXFileReference; fileEncoding = 4; lastKnownFileType = sourcecode.c.objc; path = ItemViewController.m; sourceTree = "<group>"; };
		C77D516D11D71D2000239A12 /* LinesView.h */ = {isa = PBXFileReference; fileEncoding = 4; lastKnownFileType = sourcecode.c.h; path = LinesView.h; sourceTree = "<group>"; };
		C77D516E11D71D2000239A12 /* LinesView.m */ = {isa = PBXFileReference; fileEncoding = 4; lastKnownFileType = sourcecode.c.objc; path = LinesView.m; sourceTree = "<group>"; };
		C77D517411D71DE000239A12 /* ItemView.xib */ = {isa = PBXFileReference; lastKnownFileType = file.xib; path = ItemView.xib; sourceTree = "<group>"; };
		C77D9076120ECAF8009A5F35 /* DebugLog.h */ = {isa = PBXFileReference; fileEncoding = 4; lastKnownFileType = sourcecode.c.h; path = DebugLog.h; sourceTree = "<group>"; };
		C77D9077120ECAF8009A5F35 /* DebugLog.m */ = {isa = PBXFileReference; fileEncoding = 4; lastKnownFileType = sourcecode.c.objc; path = DebugLog.m; sourceTree = "<group>"; };
		C77D92A4123F24430070C855 /* AlertPrompt.h */ = {isa = PBXFileReference; fileEncoding = 4; lastKnownFileType = sourcecode.c.h; path = AlertPrompt.h; sourceTree = "<group>"; };
		C77D92A5123F24440070C855 /* AlertPrompt.m */ = {isa = PBXFileReference; fileEncoding = 4; lastKnownFileType = sourcecode.c.objc; path = AlertPrompt.m; sourceTree = "<group>"; };
		C77D92D912104765009A5F35 /* PopoverPicklist.h */ = {isa = PBXFileReference; fileEncoding = 4; lastKnownFileType = sourcecode.c.h; path = PopoverPicklist.h; sourceTree = "<group>"; };
		C77D92DA12104765009A5F35 /* PopoverPicklist.m */ = {isa = PBXFileReference; fileEncoding = 4; lastKnownFileType = sourcecode.c.objc; path = PopoverPicklist.m; sourceTree = "<group>"; };
		C77DF5B211D934A4000175AF /* Pebble.xcdatamodel */ = {isa = PBXFileReference; fileEncoding = 4; lastKnownFileType = wrapper.xcdatamodel; path = Pebble.xcdatamodel; sourceTree = "<group>"; };
		C77DF8D211DB0255000175AF /* TableView.xib */ = {isa = PBXFileReference; lastKnownFileType = file.xib; path = TableView.xib; sourceTree = "<group>"; };
		C77E5FB3125042710066F300 /* SortOptions.xib */ = {isa = PBXFileReference; lastKnownFileType = file.xib; path = SortOptions.xib; sourceTree = "<group>"; };
		C77E5FB6125046630066F300 /* SortOptions.h */ = {isa = PBXFileReference; fileEncoding = 4; lastKnownFileType = sourcecode.c.h; path = SortOptions.h; sourceTree = "<group>"; };
		C77E5FB7125046630066F300 /* SortOptions.m */ = {isa = PBXFileReference; fileEncoding = 4; lastKnownFileType = sourcecode.c.objc; path = SortOptions.m; sourceTree = "<group>"; };
		C77E9B2A12465F5200FF22C4 /* Pebble 9.xcdatamodel */ = {isa = PBXFileReference; lastKnownFileType = wrapper.xcdatamodel; path = "Pebble 9.xcdatamodel"; sourceTree = "<group>"; };
		C77E9BF61246B09A00FF22C4 /* Item.h */ = {isa = PBXFileReference; fileEncoding = 4; lastKnownFileType = sourcecode.c.h; path = Item.h; sourceTree = "<group>"; };
		C77E9BF71246B09A00FF22C4 /* Item.m */ = {isa = PBXFileReference; fileEncoding = 4; lastKnownFileType = sourcecode.c.objc; path = Item.m; sourceTree = "<group>"; };
		C77E9BF81246B09A00FF22C4 /* NoteItem.h */ = {isa = PBXFileReference; fileEncoding = 4; lastKnownFileType = sourcecode.c.h; path = NoteItem.h; sourceTree = "<group>"; };
		C77E9BF91246B09A00FF22C4 /* NoteItem.m */ = {isa = PBXFileReference; fileEncoding = 4; lastKnownFileType = sourcecode.c.objc; path = NoteItem.m; sourceTree = "<group>"; };
		C77E9BFA1246B09A00FF22C4 /* ListItem.h */ = {isa = PBXFileReference; fileEncoding = 4; lastKnownFileType = sourcecode.c.h; path = ListItem.h; sourceTree = "<group>"; };
		C77E9BFB1246B09A00FF22C4 /* ListItem.m */ = {isa = PBXFileReference; fileEncoding = 4; lastKnownFileType = sourcecode.c.objc; path = ListItem.m; sourceTree = "<group>"; };
		C77F596E12BF0862001182E7 /* icon_send.png */ = {isa = PBXFileReference; lastKnownFileType = image.png; path = icon_send.png; sourceTree = "<group>"; };
		C77F597012BF0C9E001182E7 /* icon_send2.png */ = {isa = PBXFileReference; lastKnownFileType = image.png; path = icon_send2.png; sourceTree = "<group>"; };
		C77F597212BF2A0F001182E7 /* MessageUI.framework */ = {isa = PBXFileReference; lastKnownFileType = wrapper.framework; name = MessageUI.framework; path = System/Library/Frameworks/MessageUI.framework; sourceTree = SDKROOT; };
		C7803CB9120D2C59009454A5 /* Pebble 6.xcdatamodel */ = {isa = PBXFileReference; lastKnownFileType = wrapper.xcdatamodel; path = "Pebble 6.xcdatamodel"; sourceTree = "<group>"; };
		C7806516124E78AD0058B47C /* Resource.plist */ = {isa = PBXFileReference; fileEncoding = 4; lastKnownFileType = text.plist.xml; path = Resource.plist; sourceTree = "<group>"; };
		C7810B371228AAB9009EFAE2 /* TDBadgedCell.m */ = {isa = PBXFileReference; fileEncoding = 4; lastKnownFileType = sourcecode.c.objc; path = TDBadgedCell.m; sourceTree = "<group>"; };
		C7810B381228AAB9009EFAE2 /* TDBadgedCell.h */ = {isa = PBXFileReference; fileEncoding = 4; lastKnownFileType = sourcecode.c.h; path = TDBadgedCell.h; sourceTree = "<group>"; };
		C7810C4211FF219D001E2F15 /* NotelistViewController.h */ = {isa = PBXFileReference; fileEncoding = 4; lastKnownFileType = sourcecode.c.h; path = NotelistViewController.h; sourceTree = "<group>"; };
		C7810C4311FF219D001E2F15 /* NotelistViewController.m */ = {isa = PBXFileReference; fileEncoding = 4; lastKnownFileType = sourcecode.c.objc; path = NotelistViewController.m; sourceTree = "<group>"; };
		C7810C6D11FF2391001E2F15 /* ChecklistViewController.h */ = {isa = PBXFileReference; fileEncoding = 4; lastKnownFileType = sourcecode.c.h; path = ChecklistViewController.h; sourceTree = "<group>"; };
		C7810C6E11FF2391001E2F15 /* ChecklistViewController.m */ = {isa = PBXFileReference; fileEncoding = 4; lastKnownFileType = sourcecode.c.objc; path = ChecklistViewController.m; sourceTree = "<group>"; };
		C78212C611E1B0B800523DC7 /* ListItemViewController.h */ = {isa = PBXFileReference; fileEncoding = 4; lastKnownFileType = sourcecode.c.h; path = ListItemViewController.h; sourceTree = "<group>"; };
		C78212C711E1B0B800523DC7 /* ListItemViewController.m */ = {isa = PBXFileReference; fileEncoding = 4; lastKnownFileType = sourcecode.c.objc; path = ListItemViewController.m; sourceTree = "<group>"; };
		C78212C811E1B0B800523DC7 /* ListItemView.xib */ = {isa = PBXFileReference; lastKnownFileType = file.xib; name = ListItemView.xib; path = Classes/ListItemView.xib; sourceTree = "<group>"; };
		C782138411E273E700523DC7 /* DatePicker.h */ = {isa = PBXFileReference; fileEncoding = 4; lastKnownFileType = sourcecode.c.h; path = DatePicker.h; sourceTree = "<group>"; };
		C782138511E273E700523DC7 /* DatePicker.m */ = {isa = PBXFileReference; fileEncoding = 4; lastKnownFileType = sourcecode.c.objc; path = DatePicker.m; sourceTree = "<group>"; };
		C782138611E273E700523DC7 /* DatePicker.xib */ = {isa = PBXFileReference; lastKnownFileType = file.xib; name = DatePicker.xib; path = Classes/DatePicker.xib; sourceTree = "<group>"; };
		C782139011E2746200523DC7 /* PriorityPicker.h */ = {isa = PBXFileReference; fileEncoding = 4; lastKnownFileType = sourcecode.c.h; path = PriorityPicker.h; sourceTree = "<group>"; };
		C782139111E2746200523DC7 /* PriorityPicker.m */ = {isa = PBXFileReference; fileEncoding = 4; lastKnownFileType = sourcecode.c.objc; path = PriorityPicker.m; sourceTree = "<group>"; };
		C782139211E2746200523DC7 /* PriorityPicker.xib */ = {isa = PBXFileReference; lastKnownFileType = file.xib; name = PriorityPicker.xib; path = Classes/PriorityPicker.xib; sourceTree = "<group>"; };
		C78295D611DF73CD0003A2F5 /* Utility.h */ = {isa = PBXFileReference; fileEncoding = 4; lastKnownFileType = sourcecode.c.h; path = Utility.h; sourceTree = "<group>"; };
		C78295D711DF73CD0003A2F5 /* Utility.m */ = {isa = PBXFileReference; fileEncoding = 4; lastKnownFileType = sourcecode.c.objc; name = Utility.m; path = Classes/Utility.m; sourceTree = "<group>"; };
		C7831A5A12592E8200D3A0C3 /* ProtectView.xib */ = {isa = PBXFileReference; lastKnownFileType = file.xib; path = ProtectView.xib; sourceTree = "<group>"; };
		C7831A69125930E400D3A0C3 /* ProtectViewController.h */ = {isa = PBXFileReference; fileEncoding = 4; lastKnownFileType = sourcecode.c.h; path = ProtectViewController.h; sourceTree = "<group>"; };
		C7831A6A125930E400D3A0C3 /* ProtectViewController.m */ = {isa = PBXFileReference; fileEncoding = 4; lastKnownFileType = sourcecode.c.objc; path = ProtectViewController.m; sourceTree = "<group>"; };
		C783CFA11207B18B006CE498 /* TabViewBaseController.h */ = {isa = PBXFileReference; fileEncoding = 4; lastKnownFileType = sourcecode.c.h; path = TabViewBaseController.h; sourceTree = "<group>"; };
		C783CFA21207B18B006CE498 /* TabViewBaseController.m */ = {isa = PBXFileReference; fileEncoding = 4; lastKnownFileType = sourcecode.c.objc; path = TabViewBaseController.m; sourceTree = "<group>"; };
		C78544CD11D3B85900A303C1 /* NotepadViewController.h */ = {isa = PBXFileReference; fileEncoding = 4; lastKnownFileType = sourcecode.c.h; path = NotepadViewController.h; sourceTree = "<group>"; };
		C78544CE11D3B85900A303C1 /* NotepadViewController.m */ = {isa = PBXFileReference; fileEncoding = 4; lastKnownFileType = sourcecode.c.objc; path = NotepadViewController.m; sourceTree = "<group>"; };
		C78544D311D3C6DE00A303C1 /* ListViewController.h */ = {isa = PBXFileReference; fileEncoding = 4; lastKnownFileType = sourcecode.c.h; path = ListViewController.h; sourceTree = "<group>"; };
		C78544D411D3C6DE00A303C1 /* ListViewController.m */ = {isa = PBXFileReference; fileEncoding = 4; lastKnownFileType = sourcecode.c.objc; path = ListViewController.m; sourceTree = "<group>"; };
		C785457611D3EFD500A303C1 /* TableViewController.h */ = {isa = PBXFileReference; fileEncoding = 4; lastKnownFileType = sourcecode.c.h; path = TableViewController.h; sourceTree = "<group>"; };
		C785457711D3EFD500A303C1 /* TableViewController.m */ = {isa = PBXFileReference; fileEncoding = 4; lastKnownFileType = sourcecode.c.objc; path = TableViewController.m; sourceTree = "<group>"; };
		C785459B11D424CC00A303C1 /* constants.h */ = {isa = PBXFileReference; fileEncoding = 4; lastKnownFileType = sourcecode.c.h; path = constants.h; sourceTree = "<group>"; };
		C785468111D43D7300A303C1 /* NotepadView.xib */ = {isa = PBXFileReference; lastKnownFileType = file.xib; path = NotepadView.xib; sourceTree = "<group>"; };
		C785468311D43D8200A303C1 /* ListView.xib */ = {isa = PBXFileReference; lastKnownFileType = file.xib; path = ListView.xib; sourceTree = "<group>"; };
		C7854CC011DE7FDC00A303C1 /* TextFieldCell.h */ = {isa = PBXFileReference; fileEncoding = 4; lastKnownFileType = sourcecode.c.h; path = TextFieldCell.h; sourceTree = "<group>"; };
		C7854CC111DE7FDC00A303C1 /* TextFieldCell.m */ = {isa = PBXFileReference; fileEncoding = 4; lastKnownFileType = sourcecode.c.objc; path = TextFieldCell.m; sourceTree = "<group>"; };
		C78730581250F8F2000AC708 /* Pebble.sqlite */ = {isa = PBXFileReference; lastKnownFileType = file; path = Pebble.sqlite; sourceTree = "<group>"; };
		C7BA802D1200BDB400B65AFA /* NoteTableViewController.h */ = {isa = PBXFileReference; fileEncoding = 4; lastKnownFileType = sourcecode.c.h; path = NoteTableViewController.h; sourceTree = "<group>"; };
		C7BA802E1200BDB400B65AFA /* NoteTableViewController.m */ = {isa = PBXFileReference; fileEncoding = 4; lastKnownFileType = sourcecode.c.objc; path = NoteTableViewController.m; sourceTree = "<group>"; };
		C7BA80481200C08000B65AFA /* NotelistCell.h */ = {isa = PBXFileReference; fileEncoding = 4; lastKnownFileType = sourcecode.c.h; path = NotelistCell.h; sourceTree = "<group>"; };
		C7BA80491200C08000B65AFA /* NotelistCell.m */ = {isa = PBXFileReference; fileEncoding = 4; lastKnownFileType = sourcecode.c.objc; path = NotelistCell.m; sourceTree = "<group>"; };
		C7FC315311F3673400902899 /* TextFieldCell.xib */ = {isa = PBXFileReference; lastKnownFileType = file.xib; path = TextFieldCell.xib; sourceTree = "<group>"; };
/* End PBXFileReference section */

/* Begin PBXFrameworksBuildPhase section */
		1D60588F0D05DD3D006BFB54 /* Frameworks */ = {
			isa = PBXFrameworksBuildPhase;
			buildActionMask = 2147483647;
			files = (
				1D60589F0D05DD5A006BFB54 /* Foundation.framework in Frameworks */,
				1DF5F4E00D08C38300B7A737 /* UIKit.framework in Frameworks */,
				2892E4100DC94CBA00A64D0F /* CoreGraphics.framework in Frameworks */,
				280420C1108EA07E000629CD /* CoreData.framework in Frameworks */,
				C74A65541218ED4400921EA3 /* AVFoundation.framework in Frameworks */,
				C77F597312BF2A0F001182E7 /* MessageUI.framework in Frameworks */,
			);
			runOnlyForDeploymentPostprocessing = 0;
		};
/* End PBXFrameworksBuildPhase section */

/* Begin PBXGroup section */
		080E96DDFE201D6D7F000001 /* Classes */ = {
			isa = PBXGroup;
			children = (
				C77D517311D71D5400239A12 /* ViewControllers */,
				C7848EAF11EC0D950029662E /* Components */,
			);
			path = Classes;
			sourceTree = "<group>";
		};
		19C28FACFE9D520D11CA2CBB /* Products */ = {
			isa = PBXGroup;
			children = (
				1D6058910D05DD3D006BFB54 /* Pebble Journal.app */,
			);
			name = Products;
			sourceTree = "<group>";
		};
		29B97314FDCFA39411CA2CEA /* CustomTemplate */ = {
			isa = PBXGroup;
			children = (
				080E96DDFE201D6D7F000001 /* Classes */,
				29B97315FDCFA39411CA2CEA /* Other Sources */,
				29B97317FDCFA39411CA2CEA /* Resources */,
				29B97323FDCFA39411CA2CEA /* Frameworks */,
				19C28FACFE9D520D11CA2CBB /* Products */,
				C74A65531218ED4400921EA3 /* AVFoundation.framework */,
			);
			comments = "Using DebugLog 8/8/10.";
			name = CustomTemplate;
			sourceTree = "<group>";
		};
		29B97315FDCFA39411CA2CEA /* Other Sources */ = {
			isa = PBXGroup;
			children = (
				C77D517111D71D2F00239A12 /* Headers */,
				28A0AAE50D9B0CCF005BE974 /* Pebble_Prefix.pch */,
				1D3623250D0F684500981E51 /* PebbleAppDelegate.m */,
				29B97316FDCFA39411CA2CEA /* main.m */,
				C785459B11D424CC00A303C1 /* constants.h */,
				C77D9076120ECAF8009A5F35 /* DebugLog.h */,
				C77D9077120ECAF8009A5F35 /* DebugLog.m */,
				C78295D711DF73CD0003A2F5 /* Utility.m */,
			);
			name = "Other Sources";
			sourceTree = "<group>";
		};
		29B97317FDCFA39411CA2CEA /* Resources */ = {
			isa = PBXGroup;
			children = (
				C7848EAE11EC0CD60029662E /* Views */,
				C7848EAD11EC0CCE0029662E /* Data */,
				C77DBF2211E8F1E300C021DB /* Images */,
			);
			name = Resources;
			sourceTree = "<group>";
		};
		29B97323FDCFA39411CA2CEA /* Frameworks */ = {
			isa = PBXGroup;
			children = (
				1DF5F4DF0D08C38300B7A737 /* UIKit.framework */,
				1D30AB110D05D00D00671497 /* Foundation.framework */,
				2892E40F0DC94CBA00A64D0F /* CoreGraphics.framework */,
				280420C0108EA07E000629CD /* CoreData.framework */,
				C77F597212BF2A0F001182E7 /* MessageUI.framework */,
			);
			name = Frameworks;
			sourceTree = "<group>";
		};
		C77D517111D71D2F00239A12 /* Headers */ = {
			isa = PBXGroup;
			children = (
				1D3623240D0F684500981E51 /* PebbleAppDelegate.h */,
				28042007108E984D000629CD /* RootViewController.h */,
				28042009108E984D000629CD /* DetailViewController.h */,
				C78544CD11D3B85900A303C1 /* NotepadViewController.h */,
				C78544D311D3C6DE00A303C1 /* ListViewController.h */,
				C7810C4211FF219D001E2F15 /* NotelistViewController.h */,
				C7BA802D1200BDB400B65AFA /* NoteTableViewController.h */,
				C7810C6D11FF2391001E2F15 /* ChecklistViewController.h */,
				C785457611D3EFD500A303C1 /* TableViewController.h */,
				C77D516B11D71D2000239A12 /* ItemViewController.h */,
				C783CFA11207B18B006CE498 /* TabViewBaseController.h */,
				C78295D611DF73CD0003A2F5 /* Utility.h */,
				C77D516D11D71D2000239A12 /* LinesView.h */,
				C7854CC011DE7FDC00A303C1 /* TextFieldCell.h */,
				C7BA80481200C08000B65AFA /* NotelistCell.h */,
				C78212C611E1B0B800523DC7 /* ListItemViewController.h */,
				C782138411E273E700523DC7 /* DatePicker.h */,
				C782139011E2746200523DC7 /* PriorityPicker.h */,
			);
			name = Headers;
			path = Classes;
			sourceTree = "<group>";
		};
		C77D517311D71D5400239A12 /* ViewControllers */ = {
			isa = PBXGroup;
			children = (
				28042008108E984D000629CD /* RootViewController.m */,
				2804200A108E984D000629CD /* DetailViewController.m */,
				C78544CE11D3B85900A303C1 /* NotepadViewController.m */,
				C78544D411D3C6DE00A303C1 /* ListViewController.m */,
				C785457711D3EFD500A303C1 /* TableViewController.m */,
				C7810C4311FF219D001E2F15 /* NotelistViewController.m */,
				C7810C6E11FF2391001E2F15 /* ChecklistViewController.m */,
				C7BA802E1200BDB400B65AFA /* NoteTableViewController.m */,
				C783CFA21207B18B006CE498 /* TabViewBaseController.m */,
			);
			name = ViewControllers;
			sourceTree = "<group>";
		};
		C77DBF2211E8F1E300C021DB /* Images */ = {
			isa = PBXGroup;
			children = (
				C77F597012BF0C9E001182E7 /* icon_send2.png */,
				C77F596E12BF0862001182E7 /* icon_send.png */,
				C77D39611298A33D00A7F588 /* arrowdown.png */,
				C77D39621298A33D00A7F588 /* arrowup.png */,
				C779E7381273CEB900A309A0 /* Clock_pp.png */,
				C779E7391273CEB900A309A0 /* clock.png */,
				C779E6EB1273CC1B00A309A0 /* Default-Landscape.png */,
				C779E6ED1273CC1B00A309A0 /* Default-Portrait.png */,
				C779E6F01273CC1B00A309A0 /* Gear-32.png */,
				C779E6F11273CC1B00A309A0 /* green_background.png */,
				C779E6F21273CC1B00A309A0 /* icon_bak.png */,
				C779E6F31273CC1B00A309A0 /* icon_checklist.png */,
				C779E6F41273CC1B00A309A0 /* icon_checklist2.png */,
				C779E6F51273CC1B00A309A0 /* icon_list_bullets_selected.png */,
				C779E6F61273CC1B00A309A0 /* icon_list_bullets.png */,
				C779E6F71273CC1B00A309A0 /* icon_lock.png */,
				C779E6F81273CC1B00A309A0 /* icon_lock2.png */,
				C779E6F91273CC1B00A309A0 /* icon_notepad.png */,
				C779E6FA1273CC1B00A309A0 /* icon_notepad2.png */,
				C779E6FB1273CC1B00A309A0 /* icon_pj_small.png */,
				C779E6FC1273CC1B00A309A0 /* icon_pj.png */,
				C779E6FD1273CC1B00A309A0 /* icon_sort_az.png */,
				C779E6FE1273CC1B00A309A0 /* icon_unlock.png */,
				C779E6FF1273CC1B00A309A0 /* icon.png */,
				C779E7001273CC1B00A309A0 /* notebook_pj.png */,
				C779E7011273CC1B00A309A0 /* notebook.png */,
				C779E7021273CC1B00A309A0 /* notepad_image_small.png */,
				C779E7031273CC1B00A309A0 /* Notepad_seg.png */,
				C779E7041273CC1B00A309A0 /* orange_background.png */,
				C779E70F1273CC1C00A309A0 /* preferences.png */,
				C779E7101273CC1C00A309A0 /* priority_colors.png */,
				C779E7111273CC1C00A309A0 /* red_background.png */,
				C779E7121273CC1C00A309A0 /* speaker.png */,
				C779E7131273CC1C00A309A0 /* Spiral1.png */,
				C779E7141273CC1C00A309A0 /* unchecked.png */,
				C779E7151273CC1C00A309A0 /* yellow_background.png */,
			);
			path = Images;
			sourceTree = "<group>";
		};
		C7848EAD11EC0CCE0029662E /* Data */ = {
			isa = PBXGroup;
			children = (
				C78730581250F8F2000AC708 /* Pebble.sqlite */,
				8D1107310486CEB800E47090 /* Pebble-Info.plist */,
				C77DF5B011D934A4000175AF /* Pebble.xcdatamodeld */,
				C7806516124E78AD0058B47C /* Resource.plist */,
			);
			name = Data;
			sourceTree = "<group>";
		};
		C7848EAE11EC0CD60029662E /* Views */ = {
			isa = PBXGroup;
			children = (
				28AD735F0D9D9599002E5188 /* MainWindow.xib */,
				2804203B108E9BAB000629CD /* DetailView.xib */,
				C785468111D43D7300A303C1 /* NotepadView.xib */,
				C785468311D43D8200A303C1 /* ListView.xib */,
				C77DF8D211DB0255000175AF /* TableView.xib */,
				C77D517411D71DE000239A12 /* ItemView.xib */,
				C78212C811E1B0B800523DC7 /* ListItemView.xib */,
				C782138611E273E700523DC7 /* DatePicker.xib */,
				C782139211E2746200523DC7 /* PriorityPicker.xib */,
				C7FC315311F3673400902899 /* TextFieldCell.xib */,
				C76F9C061243BB11008AA558 /* OptionsView.xib */,
				C77E5FB3125042710066F300 /* SortOptions.xib */,
				C7831A5A12592E8200D3A0C3 /* ProtectView.xib */,
			);
			name = Views;
			sourceTree = "<group>";
		};
		C7848EAF11EC0D950029662E /* Components */ = {
			isa = PBXGroup;
			children = (
				C77D92A4123F24430070C855 /* AlertPrompt.h */,
				C77D92A5123F24440070C855 /* AlertPrompt.m */,
				C7810B381228AAB9009EFAE2 /* TDBadgedCell.h */,
				C77D516E11D71D2000239A12 /* LinesView.m */,
				C7854CC111DE7FDC00A303C1 /* TextFieldCell.m */,
				C77D516C11D71D2000239A12 /* ItemViewController.m */,
				C78212C711E1B0B800523DC7 /* ListItemViewController.m */,
				C782138511E273E700523DC7 /* DatePicker.m */,
				C7810B371228AAB9009EFAE2 /* TDBadgedCell.m */,
				C782139111E2746200523DC7 /* PriorityPicker.m */,
				C7BA80491200C08000B65AFA /* NotelistCell.m */,
				C77D92D912104765009A5F35 /* PopoverPicklist.h */,
				C77D92DA12104765009A5F35 /* PopoverPicklist.m */,
				C76F9C141243BCB8008AA558 /* Options.h */,
				C76F9C151243BCB8008AA558 /* Options.m */,
				C77E5FB6125046630066F300 /* SortOptions.h */,
				C77E5FB7125046630066F300 /* SortOptions.m */,
				C7831A69125930E400D3A0C3 /* ProtectViewController.h */,
				C7831A6A125930E400D3A0C3 /* ProtectViewController.m */,
			);
			name = Components;
			sourceTree = "<group>";
		};
/* End PBXGroup section */

/* Begin PBXNativeTarget section */
		1D6058900D05DD3D006BFB54 /* Pebble */ = {
			isa = PBXNativeTarget;
			buildConfigurationList = 1D6058960D05DD3E006BFB54 /* Build configuration list for PBXNativeTarget "Pebble" */;
			buildPhases = (
				1D60588D0D05DD3D006BFB54 /* Resources */,
				1D60588E0D05DD3D006BFB54 /* Sources */,
				1D60588F0D05DD3D006BFB54 /* Frameworks */,
			);
			buildRules = (
			);
			dependencies = (
			);
			name = Pebble;
			productName = Pebble;
			productReference = 1D6058910D05DD3D006BFB54 /* Pebble Journal.app */;
			productType = "com.apple.product-type.application";
		};
/* End PBXNativeTarget section */

/* Begin PBXProject section */
		29B97313FDCFA39411CA2CEA /* Project object */ = {
			isa = PBXProject;
			attributes = {
				ORGANIZATIONNAME = "Jon Fleming";
			};
			buildConfigurationList = C01FCF4E08A954540054247B /* Build configuration list for PBXProject "Pebble" */;
			compatibilityVersion = "Xcode 3.2";
			developmentRegion = English;
			hasScannedForEncodings = 1;
			knownRegions = (
				English,
				Japanese,
				French,
				German,
				en,
			);
			mainGroup = 29B97314FDCFA39411CA2CEA /* CustomTemplate */;
			projectDirPath = "";
			projectRoot = "";
			targets = (
				1D6058900D05DD3D006BFB54 /* Pebble */,
			);
		};
/* End PBXProject section */

/* Begin PBXResourcesBuildPhase section */
		1D60588D0D05DD3D006BFB54 /* Resources */ = {
			isa = PBXResourcesBuildPhase;
			buildActionMask = 2147483647;
			files = (
				28AD73600D9D9599002E5188 /* MainWindow.xib in Resources */,
				2804203C108E9BAB000629CD /* DetailView.xib in Resources */,
				C785468211D43D7300A303C1 /* NotepadView.xib in Resources */,
				C785468411D43D8200A303C1 /* ListView.xib in Resources */,
				C77D517511D71DE000239A12 /* ItemView.xib in Resources */,
				C77DF8D311DB0255000175AF /* TableView.xib in Resources */,
				C78212CA11E1B0B800523DC7 /* ListItemView.xib in Resources */,
				C782138811E273E700523DC7 /* DatePicker.xib in Resources */,
				C782139411E2746200523DC7 /* PriorityPicker.xib in Resources */,
				C7FC315411F3673400902899 /* TextFieldCell.xib in Resources */,
				C76F9C071243BB11008AA558 /* OptionsView.xib in Resources */,
				C7806517124E78AD0058B47C /* Resource.plist in Resources */,
				C77E5FB4125042710066F300 /* SortOptions.xib in Resources */,
				C78730591250F8F2000AC708 /* Pebble.sqlite in Resources */,
				C7831A5B12592E8200D3A0C3 /* ProtectView.xib in Resources */,
				C779E7161273CC1C00A309A0 /* Default-Landscape.png in Resources */,
				C779E7181273CC1C00A309A0 /* Default-Portrait.png in Resources */,
				C779E71B1273CC1C00A309A0 /* Gear-32.png in Resources */,
				C779E71C1273CC1C00A309A0 /* green_background.png in Resources */,
				C779E71D1273CC1C00A309A0 /* icon_bak.png in Resources */,
				C779E71E1273CC1C00A309A0 /* icon_checklist.png in Resources */,
				C779E71F1273CC1C00A309A0 /* icon_checklist2.png in Resources */,
				C779E7201273CC1C00A309A0 /* icon_list_bullets_selected.png in Resources */,
				C779E7211273CC1C00A309A0 /* icon_list_bullets.png in Resources */,
				C779E7221273CC1C00A309A0 /* icon_lock.png in Resources */,
				C779E7231273CC1C00A309A0 /* icon_lock2.png in Resources */,
				C779E7241273CC1C00A309A0 /* icon_notepad.png in Resources */,
				C779E7251273CC1C00A309A0 /* icon_notepad2.png in Resources */,
				C779E7261273CC1C00A309A0 /* icon_pj_small.png in Resources */,
				C779E7271273CC1C00A309A0 /* icon_pj.png in Resources */,
				C779E7281273CC1C00A309A0 /* icon_sort_az.png in Resources */,
				C779E7291273CC1C00A309A0 /* icon_unlock.png in Resources */,
				C779E72A1273CC1C00A309A0 /* icon.png in Resources */,
				C779E72B1273CC1C00A309A0 /* notebook_pj.png in Resources */,
				C779E72C1273CC1C00A309A0 /* notebook.png in Resources */,
				C779E72D1273CC1C00A309A0 /* notepad_image_small.png in Resources */,
				C779E72E1273CC1C00A309A0 /* Notepad_seg.png in Resources */,
				C779E72F1273CC1C00A309A0 /* orange_background.png in Resources */,
				C779E7311273CC1C00A309A0 /* preferences.png in Resources */,
				C779E7321273CC1C00A309A0 /* priority_colors.png in Resources */,
				C779E7331273CC1C00A309A0 /* red_background.png in Resources */,
				C779E7341273CC1C00A309A0 /* speaker.png in Resources */,
				C779E7351273CC1C00A309A0 /* Spiral1.png in Resources */,
				C779E7361273CC1C00A309A0 /* unchecked.png in Resources */,
				C779E7371273CC1C00A309A0 /* yellow_background.png in Resources */,
				C779E73A1273CEB900A309A0 /* Clock_pp.png in Resources */,
				C779E73B1273CEB900A309A0 /* clock.png in Resources */,
				C77D39631298A33D00A7F588 /* arrowdown.png in Resources */,
				C77D39641298A33D00A7F588 /* arrowup.png in Resources */,
				C77F596F12BF0862001182E7 /* icon_send.png in Resources */,
				C77F597112BF0C9E001182E7 /* icon_send2.png in Resources */,
			);
			runOnlyForDeploymentPostprocessing = 0;
		};
/* End PBXResourcesBuildPhase section */

/* Begin PBXSourcesBuildPhase section */
		1D60588E0D05DD3D006BFB54 /* Sources */ = {
			isa = PBXSourcesBuildPhase;
			buildActionMask = 2147483647;
			files = (
				1D60589B0D05DD56006BFB54 /* main.m in Sources */,
				1D3623260D0F684500981E51 /* PebbleAppDelegate.m in Sources */,
				2804200B108E984D000629CD /* RootViewController.m in Sources */,
				2804200C108E984D000629CD /* DetailViewController.m in Sources */,
				C78544D011D3B85900A303C1 /* NotepadViewController.m in Sources */,
				C78544D511D3C6DE00A303C1 /* ListViewController.m in Sources */,
				C785457811D3EFD500A303C1 /* TableViewController.m in Sources */,
				C77D516F11D71D2000239A12 /* ItemViewController.m in Sources */,
				C77D517011D71D2000239A12 /* LinesView.m in Sources */,
				C77DF5B311D934A4000175AF /* Pebble.xcdatamodeld in Sources */,
				C7854CC211DE7FDC00A303C1 /* TextFieldCell.m in Sources */,
				C78295D811DF73CD0003A2F5 /* Utility.m in Sources */,
				C78212C911E1B0B800523DC7 /* ListItemViewController.m in Sources */,
				C782138711E273E700523DC7 /* DatePicker.m in Sources */,
				C782139311E2746200523DC7 /* PriorityPicker.m in Sources */,
				C7810C4411FF219D001E2F15 /* NotelistViewController.m in Sources */,
				C7810C6F11FF2391001E2F15 /* ChecklistViewController.m in Sources */,
				C7BA802F1200BDB400B65AFA /* NoteTableViewController.m in Sources */,
				C7BA804A1200C08000B65AFA /* NotelistCell.m in Sources */,
				C783CFA31207B18B006CE498 /* TabViewBaseController.m in Sources */,
				C77D9078120ECAF8009A5F35 /* DebugLog.m in Sources */,
				C77D92DB12104765009A5F35 /* PopoverPicklist.m in Sources */,
				C7810B391228AABA009EFAE2 /* TDBadgedCell.m in Sources */,
				C77D92A6123F24440070C855 /* AlertPrompt.m in Sources */,
				C76F9C161243BCB8008AA558 /* Options.m in Sources */,
				C77E9BFC1246B09A00FF22C4 /* Item.m in Sources */,
				C77E9BFD1246B09A00FF22C4 /* NoteItem.m in Sources */,
				C77E9BFE1246B09A00FF22C4 /* ListItem.m in Sources */,
				C77E5FB8125046630066F300 /* SortOptions.m in Sources */,
				C7831A6B125930E400D3A0C3 /* ProtectViewController.m in Sources */,
			);
			runOnlyForDeploymentPostprocessing = 0;
		};
/* End PBXSourcesBuildPhase section */

/* Begin XCBuildConfiguration section */
		1D6058940D05DD3E006BFB54 /* Debug */ = {
			isa = XCBuildConfiguration;
			buildSettings = {
				ALWAYS_SEARCH_USER_PATHS = NO;
				COPY_PHASE_STRIP = NO;
				GCC_DYNAMIC_NO_PIC = NO;
				GCC_OPTIMIZATION_LEVEL = 0;
				GCC_PRECOMPILE_PREFIX_HEADER = YES;
				GCC_PREFIX_HEADER = Pebble_Prefix.pch;
				INFOPLIST_FILE = "Pebble-Info.plist";
				OTHER_CFLAGS = "-DEEBUG";
				PRODUCT_NAME = "Pebble Journal";
			};
			name = Debug;
		};
		1D6058950D05DD3E006BFB54 /* Release */ = {
			isa = XCBuildConfiguration;
			buildSettings = {
				ALWAYS_SEARCH_USER_PATHS = NO;
				COPY_PHASE_STRIP = YES;
				GCC_PRECOMPILE_PREFIX_HEADER = YES;
				GCC_PREFIX_HEADER = Pebble_Prefix.pch;
				INFOPLIST_FILE = "Pebble-Info.plist";
				PRODUCT_NAME = "Pebble Journal";
				VALIDATE_PRODUCT = YES;
			};
			name = Release;
		};
		C01FCF4F08A954540054247B /* Debug */ = {
			isa = XCBuildConfiguration;
			buildSettings = {
				"ARCHS[sdk=iphoneos*]" = armv7;
				"ARCHS[sdk=iphonesimulator*]" = i386;
				CODE_SIGN_IDENTITY = "iPhone Developer: Jon Fleming (LUUCWWGVRN)";
				"CODE_SIGN_IDENTITY[sdk=iphoneos*]" = "iPhone Developer: Jon Fleming (LUUCWWGVRN)";
				GCC_C_LANGUAGE_STANDARD = c99;
				GCC_PREPROCESSOR_DEFINITIONS = "DEBUG=1";
				GCC_WARN_ABOUT_RETURN_TYPE = YES;
				GCC_WARN_UNUSED_VARIABLE = YES;
				OTHER_CFLAGS = "-DDEBUG=1";
				PREBINDING = NO;
				PRODUCT_NAME = "Pebble Journal";
				PROVISIONING_PROFILE = "25933D0D-9291-4B34-BE68-26DB110C64E7";
				"PROVISIONING_PROFILE[sdk=iphoneos*]" = "25933D0D-9291-4B34-BE68-26DB110C64E7";
				SDKROOT = iphoneos;
				TARGETED_DEVICE_FAMILY = 2;
			};
			name = Debug;
		};
		C01FCF5008A954540054247B /* Release */ = {
			isa = XCBuildConfiguration;
			buildSettings = {
				"ARCHS[sdk=iphoneos*]" = armv7;
				"ARCHS[sdk=iphonesimulator*]" = i386;
				"CODE_SIGN_IDENTITY[sdk=iphoneos*]" = "iPhone Developer: Jon Fleming (LUUCWWGVRN)";
				GCC_C_LANGUAGE_STANDARD = c99;
				GCC_WARN_ABOUT_RETURN_TYPE = YES;
				GCC_WARN_UNUSED_VARIABLE = YES;
				OTHER_CFLAGS = "-DNS_BLOCK_ASSERTIONS=1";
				PREBINDING = NO;
				"PROVISIONING_PROFILE[sdk=iphoneos*]" = "25933D0D-9291-4B34-BE68-26DB110C64E7";
				SDKROOT = iphoneos;
				TARGETED_DEVICE_FAMILY = 2;
			};
			name = Release;
		};
		C782F488125FF053004A8FBB /* Distribution */ = {
			isa = XCBuildConfiguration;
			buildSettings = {
				"ARCHS[sdk=iphoneos*]" = armv7;
				"ARCHS[sdk=iphonesimulator*]" = i386;
				"CODE_SIGN_IDENTITY[sdk=iphoneos*]" = "iPhone Distribution: Jon Fleming";
				GCC_C_LANGUAGE_STANDARD = c99;
				GCC_WARN_ABOUT_RETURN_TYPE = YES;
				GCC_WARN_UNUSED_VARIABLE = YES;
				OTHER_CFLAGS = "-DNS_BLOCK_ASSERTIONS=1";
				PREBINDING = NO;
				"PROVISIONING_PROFILE[sdk=iphoneos*]" = "7AD80AC9-92CC-4284-9917-CA5DC2F2DA1E";
				SDKROOT = iphoneos;
				TARGETED_DEVICE_FAMILY = 2;
			};
			name = Distribution;
		};
		C782F489125FF053004A8FBB /* Distribution */ = {
			isa = XCBuildConfiguration;
			buildSettings = {
				ALWAYS_SEARCH_USER_PATHS = NO;
				COPY_PHASE_STRIP = YES;
				GCC_PRECOMPILE_PREFIX_HEADER = YES;
				GCC_PREFIX_HEADER = Pebble_Prefix.pch;
				INFOPLIST_FILE = "Pebble-Info.plist";
				PRODUCT_NAME = "Pebble Journal";
				VALIDATE_PRODUCT = YES;
			};
			name = Distribution;
		};
/* End XCBuildConfiguration section */

/* Begin XCConfigurationList section */
		1D6058960D05DD3E006BFB54 /* Build configuration list for PBXNativeTarget "Pebble" */ = {
			isa = XCConfigurationList;
			buildConfigurations = (
				1D6058940D05DD3E006BFB54 /* Debug */,
				1D6058950D05DD3E006BFB54 /* Release */,
				C782F489125FF053004A8FBB /* Distribution */,
			);
			defaultConfigurationIsVisible = 0;
			defaultConfigurationName = Release;
		};
		C01FCF4E08A954540054247B /* Build configuration list for PBXProject "Pebble" */ = {
			isa = XCConfigurationList;
			buildConfigurations = (
				C01FCF4F08A954540054247B /* Debug */,
				C01FCF5008A954540054247B /* Release */,
				C782F488125FF053004A8FBB /* Distribution */,
			);
			defaultConfigurationIsVisible = 0;
			defaultConfigurationName = Release;
		};
/* End XCConfigurationList section */

/* Begin XCVersionGroup section */
		C77DF5B011D934A4000175AF /* Pebble.xcdatamodeld */ = {
			isa = XCVersionGroup;
			children = (
				C77E9BF61246B09A00FF22C4 /* Item.h */,
				C77E9BF71246B09A00FF22C4 /* Item.m */,
				C77E9BF81246B09A00FF22C4 /* NoteItem.h */,
				C77E9BF91246B09A00FF22C4 /* NoteItem.m */,
				C77E9BFA1246B09A00FF22C4 /* ListItem.h */,
				C77E9BFB1246B09A00FF22C4 /* ListItem.m */,
				C77DF5B211D934A4000175AF /* Pebble.xcdatamodel */,
				C7803CB9120D2C59009454A5 /* Pebble 6.xcdatamodel */,
				C77B13A61232EFEF005385A4 /* Pebble 7.xcdatamodel */,
				C76F9ADD12435572008AA558 /* Pebble 2.xcdatamodel */,
				C76F9B02124358C8008AA558 /* Pebble 8.xcdatamodel */,
				C77E9B2A12465F5200FF22C4 /* Pebble 9.xcdatamodel */,
			);
			currentVersion = C77E9B2A12465F5200FF22C4 /* Pebble 9.xcdatamodel */;
			path = Pebble.xcdatamodeld;
			sourceTree = "<group>";
			versionGroupType = wrapper.xcdatamodel;
		};
/* End XCVersionGroup section */
	};
	rootObject = 29B97313FDCFA39411CA2CEA /* Project object */;
}
